
Microsoft Visual Studio Solution File, Format Version 12.00
# Visual Studio Version 17
VisualStudioVersion = 17.7.34202.233
MinimumVisualStudioVersion = 10.0.40219.1
Project("{FAE04EC0-301F-11D3-BF4B-00C04F79EFBC}") = "RabbitMQ.Pub", "RabbitMQ.Pub\RabbitMQ.Pub.csproj", "{1559D964-ABD3-453E-BE90-96AE97A41A86}"
EndProject
Project("{FAE04EC0-301F-11D3-BF4B-00C04F79EFBC}") = "RabbitMQ.Sub1", "RabbitMQ.Sub\RabbitMQ.Sub1.csproj", "{180AC473-282C-4AF9-8016-913AFAC280B9}"
EndProject
Project("{FAE04EC0-301F-11D3-BF4B-00C04F79EFBC}") = "RabbitMQ.Sub2", "RabbitMQ.Sub2\RabbitMQ.Sub2.csproj", "{98C504FC-4C19-40BE-88AF-DCBE99CB39E1}"
EndProject
Global
	GlobalSection(SolutionConfigurationPlatforms) = preSolution
		Debug|Any CPU = Debug|Any CPU
		Release|Any CPU = Release|Any CPU
	EndGlobalSection
	GlobalSection(ProjectConfigurationPlatforms) = postSolution
		{1559D964-ABD3-453E-BE90-96AE97A41A86}.Debug|Any CPU.ActiveCfg = Debug|Any CPU
		{1559D964-ABD3-453E-BE90-96AE97A41A86}.Debug|Any CPU.Build.0 = Debug|Any CPU
		{1559D964-ABD3-453E-BE90-96AE97A41A86}.Release|Any CPU.ActiveCfg = Release|Any CPU
		{1559D964-ABD3-453E-BE90-96AE97A41A86}.Release|Any CPU.Build.0 = Release|Any CPU
		{180AC473-282C-4AF9-8016-913AFAC280B9}.Debug|Any CPU.ActiveCfg = Debug|Any CPU
		{180AC473-282C-4AF9-8016-913AFAC280B9}.Debug|Any CPU.Build.0 = Debug|Any CPU
		{180AC473-282C-4AF9-8016-913AFAC280B9}.Release|Any CPU.ActiveCfg = Release|Any CPU
		{180AC473-282C-4AF9-8016-913AFAC280B9}.Release|Any CPU.Build.0 = Release|Any CPU
		{98C504FC-4C19-40BE-88AF-DCBE99CB39E1}.Debug|Any CPU.ActiveCfg = Debug|Any CPU
		{98C504FC-4C19-40BE-88AF-DCBE99CB39E1}.Debug|Any CPU.Build.0 = Debug|Any CPU
		{98C504FC-4C19-40BE-88AF-DCBE99CB39E1}.Release|Any CPU.ActiveCfg = Release|Any CPU
		{98C504FC-4C19-40BE-88AF-DCBE99CB39E1}.Release|Any CPU.Build.0 = Release|Any CPU
	EndGlobalSection
	GlobalSection(SolutionProperties) = preSolution
		HideSolutionNode = FALSE
	EndGlobalSection
	GlobalSection(ExtensibilityGlobals) = postSolution
		SolutionGuid = {CD699D5B-6AA4-4074-8210-2C1BB44BF540}
	EndGlobalSection
EndGlobal
